{
  "nodes": {
    "devenv": {
      "locked": {
        "dir": "src/modules",
        "lastModified": 1772928624,
        "narHash": "sha256-XL8UgPefqC2ztBNZm+F5WJy4E2LCENLdg4ttHJd2Wpw=",
        "owner": "cachix",
        "repo": "devenv",
        "rev": "91fbfc297c9f48977b06b78c328c852acf8f844a",
        "type": "github"
      },
      "original": {
        "dir": "src/modules",
        "owner": "cachix",
        "repo": "devenv",
        "type": "github"
      }
    },
    "nixpkgs": {
      "locked": {
        "lastModified": 1772736753,
        "narHash": "sha256-au/m3+EuBLoSzWUCb64a/MZq6QUtOV8oC0D9tY2scPQ=",
        "owner": "NixOS",
        "repo": "nixpkgs",
        "rev": "917fec990948658ef1ccd07cef2a1ef060786846",
        "type": "github"
      },
      "original": {
        "owner": "NixOS",
        "ref": "nixpkgs-unstable",
        "repo": "nixpkgs",
        "type": "github"
      }
    },
    "root": {
      "inputs": {
        "devenv": "devenv",
        "nixpkgs": "nixpkgs"
      }
    }
  },
  "root": "root",
  "version": 7
}